
Microsoft Visual Studio Solution File, Format Version 12.00
Project("{FAE04EC0-301F-11D3-BF4B-00C04F79EFBC}") = "Blog-Demo-Api", "Blog-Demo-Api\Blog-Demo-Api.csproj", "{A447AA64-398D-4721-92FD-CE538D151374}"
EndProject
Global
	GlobalSection(SolutionConfigurationPlatforms) = preSolution
		Debug|Any CPU = Debug|Any CPU
		Release|Any CPU = Release|Any CPU
	EndGlobalSection
	GlobalSection(ProjectConfigurationPlatforms) = postSolution
		{A447AA64-398D-4721-92FD-CE538D151374}.Debug|Any CPU.ActiveCfg = Debug|Any CPU
		{A447AA64-398D-4721-92FD-CE538D151374}.Debug|Any CPU.Build.0 = Debug|Any CPU
		{A447AA64-398D-4721-92FD-CE538D151374}.Release|Any CPU.ActiveCfg = Release|Any CPU
		{A447AA64-398D-4721-92FD-CE538D151374}.Release|Any CPU.Build.0 = Release|Any CPU
	EndGlobalSection
EndGlobal
